
Microsoft Visual Studio Solution File, Format Version 12.00
# Visual Studio Version 16
VisualStudioVersion = 16.0.31019.35
MinimumVisualStudioVersion = 10.0.40219.1
Project("{FAE04EC0-301F-11D3-BF4B-00C04F79EFBC}") = "DictionaryDemo", "DictionaryDemo\DictionaryDemo.csproj", "{4CCCFB23-4763-46CA-9B49-1A60D06F96E7}"
EndProject
Global
	GlobalSection(SolutionConfigurationPlatforms) = preSolution
		Debug|Any CPU = Debug|Any CPU
		Release|Any CPU = Release|Any CPU
	EndGlobalSection
	GlobalSection(ProjectConfigurationPlatforms) = postSolution
		{4CCCFB23-4763-46CA-9B49-1A60D06F96E7}.Debug|Any CPU.ActiveCfg = Debug|Any CPU
		{4CCCFB23-4763-46CA-9B49-1A60D06F96E7}.Debug|Any CPU.Build.0 = Debug|Any CPU
		{4CCCFB23-4763-46CA-9B49-1A60D06F96E7}.Release|Any CPU.ActiveCfg = Release|Any CPU
		{4CCCFB23-4763-46CA-9B49-1A60D06F96E7}.Release|Any CPU.Build.0 = Release|Any CPU
	EndGlobalSection
	GlobalSection(SolutionProperties) = preSolution
		HideSolutionNode = FALSE
	EndGlobalSection
	GlobalSection(ExtensibilityGlobals) = postSolution
		SolutionGuid = {C0C30701-74D1-40E3-95D7-F2156EC3AD33}
	EndGlobalSection
EndGlobal
